
Microsoft Visual Studio Solution File, Format Version 12.00
# Visual Studio Version 16
VisualStudioVersion = 16.0.31105.61
MinimumVisualStudioVersion = 10.0.40219.1
Project("{8BC9CEB8-8B4A-11D0-8D11-00A0C91BC942}") = "Apartament", "Apartament\Apartament.vcxproj", "{BEC68762-E84F-45A0-AA3B-B2D40487D42A}"
EndProject
Global
	GlobalSection(SolutionConfigurationPlatforms) = preSolution
		Debug|x64 = Debug|x64
		Debug|x86 = Debug|x86
		Release|x64 = Release|x64
		Release|x86 = Release|x86
	EndGlobalSection
	GlobalSection(ProjectConfigurationPlatforms) = postSolution
		{BEC68762-E84F-45A0-AA3B-B2D40487D42A}.Debug|x64.ActiveCfg = Debug|x64
		{BEC68762-E84F-45A0-AA3B-B2D40487D42A}.Debug|x64.Build.0 = Debug|x64
		{BEC68762-E84F-45A0-AA3B-B2D40487D42A}.Debug|x86.ActiveCfg = Debug|Win32
		{BEC68762-E84F-45A0-AA3B-B2D40487D42A}.Debug|x86.Build.0 = Debug|Win32
		{BEC68762-E84F-45A0-AA3B-B2D40487D42A}.Release|x64.ActiveCfg = Release|x64
		{BEC68762-E84F-45A0-AA3B-B2D40487D42A}.Release|x64.Build.0 = Release|x64
		{BEC68762-E84F-45A0-AA3B-B2D40487D42A}.Release|x86.ActiveCfg = Release|Win32
		{BEC68762-E84F-45A0-AA3B-B2D40487D42A}.Release|x86.Build.0 = Release|Win32
	EndGlobalSection
	GlobalSection(SolutionProperties) = preSolution
		HideSolutionNode = FALSE
	EndGlobalSection
	GlobalSection(ExtensibilityGlobals) = postSolution
		SolutionGuid = {3D00DDC9-8381-4A9F-85EC-834EEFCA5C2C}
	EndGlobalSection
EndGlobal
